
Microsoft Visual Studio Solution File, Format Version 12.00
# Visual Studio Version 17
VisualStudioVersion = 17.0.31903.59
MinimumVisualStudioVersion = 10.0.40219.1
Project("{2150E333-8FDC-42A3-9474-1A3956D46DE8}") = "tests", "tests", "{0AB3BF05-4346-4AA6-1389-037BE0695223}"
EndProject
Project("{2150E333-8FDC-42A3-9474-1A3956D46DE8}") = "Chirp.CLI.Tests", "Chirp.CLI.Tests", "{82D19FB5-5B60-892E-E7B6-18089CE21148}"
EndProject
Project("{FAE04EC0-301F-11D3-BF4B-00C04F79EFBC}") = "chirp.CLI.Tests", "tests\Chirp.CLI.Tests\chirp.CLI.Tests.csproj", "{905842F5-A4A1-4E32-BA6C-2981B99CDB77}"
EndProject
Project("{FAE04EC0-301F-11D3-BF4B-00C04F79EFBC}") = "Chirp.CSVDB.Tests", "tests\Chirp.CSVDB.Tests\Chirp.CSVDB.Tests.csproj", "{C062F57A-1022-4BDD-BABF-55C4C14A4CD7}"
EndProject
Project("{2150E333-8FDC-42A3-9474-1A3956D46DE8}") = "src", "src", "{827E0CD3-B72D-47B6-A68D-7590B98EB39B}"
EndProject
Project("{FAE04EC0-301F-11D3-BF4B-00C04F79EFBC}") = "Chirp.CLI.Client", "src\Chirp.CLI.Client\Chirp.CLI.Client.csproj", "{7DB06E46-1E61-4DBF-B102-3D6C5200A7A4}"
EndProject
Project("{FAE04EC0-301F-11D3-BF4B-00C04F79EFBC}") = "Chirp.CSVDB", "src\Chirp.CSVDB\Chirp.CSVDB.csproj", "{6352E99B-F389-43F2-9539-C194121A59E0}"
EndProject
Global
	GlobalSection(SolutionConfigurationPlatforms) = preSolution
		Debug|Any CPU = Debug|Any CPU
		Debug|x64 = Debug|x64
		Debug|x86 = Debug|x86
		Release|Any CPU = Release|Any CPU
		Release|x64 = Release|x64
		Release|x86 = Release|x86
	EndGlobalSection
	GlobalSection(ProjectConfigurationPlatforms) = postSolution
		{905842F5-A4A1-4E32-BA6C-2981B99CDB77}.Debug|Any CPU.ActiveCfg = Debug|Any CPU
		{905842F5-A4A1-4E32-BA6C-2981B99CDB77}.Debug|Any CPU.Build.0 = Debug|Any CPU
		{905842F5-A4A1-4E32-BA6C-2981B99CDB77}.Debug|x64.ActiveCfg = Debug|Any CPU
		{905842F5-A4A1-4E32-BA6C-2981B99CDB77}.Debug|x64.Build.0 = Debug|Any CPU
		{905842F5-A4A1-4E32-BA6C-2981B99CDB77}.Debug|x86.ActiveCfg = Debug|Any CPU
		{905842F5-A4A1-4E32-BA6C-2981B99CDB77}.Debug|x86.Build.0 = Debug|Any CPU
		{905842F5-A4A1-4E32-BA6C-2981B99CDB77}.Release|Any CPU.ActiveCfg = Release|Any CPU
		{905842F5-A4A1-4E32-BA6C-2981B99CDB77}.Release|Any CPU.Build.0 = Release|Any CPU
		{905842F5-A4A1-4E32-BA6C-2981B99CDB77}.Release|x64.ActiveCfg = Release|Any CPU
		{905842F5-A4A1-4E32-BA6C-2981B99CDB77}.Release|x64.Build.0 = Release|Any CPU
		{905842F5-A4A1-4E32-BA6C-2981B99CDB77}.Release|x86.ActiveCfg = Release|Any CPU
		{905842F5-A4A1-4E32-BA6C-2981B99CDB77}.Release|x86.Build.0 = Release|Any CPU
		{C062F57A-1022-4BDD-BABF-55C4C14A4CD7}.Debug|Any CPU.ActiveCfg = Debug|Any CPU
		{C062F57A-1022-4BDD-BABF-55C4C14A4CD7}.Debug|Any CPU.Build.0 = Debug|Any CPU
		{C062F57A-1022-4BDD-BABF-55C4C14A4CD7}.Debug|x64.ActiveCfg = Debug|Any CPU
		{C062F57A-1022-4BDD-BABF-55C4C14A4CD7}.Debug|x64.Build.0 = Debug|Any CPU
		{C062F57A-1022-4BDD-BABF-55C4C14A4CD7}.Debug|x86.ActiveCfg = Debug|Any CPU
		{C062F57A-1022-4BDD-BABF-55C4C14A4CD7}.Debug|x86.Build.0 = Debug|Any CPU
		{C062F57A-1022-4BDD-BABF-55C4C14A4CD7}.Release|Any CPU.ActiveCfg = Release|Any CPU
		{C062F57A-1022-4BDD-BABF-55C4C14A4CD7}.Release|Any CPU.Build.0 = Release|Any CPU
		{C062F57A-1022-4BDD-BABF-55C4C14A4CD7}.Release|x64.ActiveCfg = Release|Any CPU
		{C062F57A-1022-4BDD-BABF-55C4C14A4CD7}.Release|x64.Build.0 = Release|Any CPU
		{C062F57A-1022-4BDD-BABF-55C4C14A4CD7}.Release|x86.ActiveCfg = Release|Any CPU
		{C062F57A-1022-4BDD-BABF-55C4C14A4CD7}.Release|x86.Build.0 = Release|Any CPU
		{7DB06E46-1E61-4DBF-B102-3D6C5200A7A4}.Debug|Any CPU.ActiveCfg = Debug|Any CPU
		{7DB06E46-1E61-4DBF-B102-3D6C5200A7A4}.Debug|Any CPU.Build.0 = Debug|Any CPU
		{7DB06E46-1E61-4DBF-B102-3D6C5200A7A4}.Debug|x64.ActiveCfg = Debug|Any CPU
		{7DB06E46-1E61-4DBF-B102-3D6C5200A7A4}.Debug|x64.Build.0 = Debug|Any CPU
		{7DB06E46-1E61-4DBF-B102-3D6C5200A7A4}.Debug|x86.ActiveCfg = Debug|Any CPU
		{7DB06E46-1E61-4DBF-B102-3D6C5200A7A4}.Debug|x86.Build.0 = Debug|Any CPU
		{7DB06E46-1E61-4DBF-B102-3D6C5200A7A4}.Release|Any CPU.ActiveCfg = Release|Any CPU
		{7DB06E46-1E61-4DBF-B102-3D6C5200A7A4}.Release|Any CPU.Build.0 = Release|Any CPU
		{7DB06E46-1E61-4DBF-B102-3D6C5200A7A4}.Release|x64.ActiveCfg = Release|Any CPU
		{7DB06E46-1E61-4DBF-B102-3D6C5200A7A4}.Release|x64.Build.0 = Release|Any CPU
		{7DB06E46-1E61-4DBF-B102-3D6C5200A7A4}.Release|x86.ActiveCfg = Release|Any CPU
		{7DB06E46-1E61-4DBF-B102-3D6C5200A7A4}.Release|x86.Build.0 = Release|Any CPU
		{6352E99B-F389-43F2-9539-C194121A59E0}.Debug|Any CPU.ActiveCfg = Debug|Any CPU
		{6352E99B-F389-43F2-9539-C194121A59E0}.Debug|Any CPU.Build.0 = Debug|Any CPU
		{6352E99B-F389-43F2-9539-C194121A59E0}.Debug|x64.ActiveCfg = Debug|Any CPU
		{6352E99B-F389-43F2-9539-C194121A59E0}.Debug|x64.Build.0 = Debug|Any CPU
		{6352E99B-F389-43F2-9539-C194121A59E0}.Debug|x86.ActiveCfg = Debug|Any CPU
		{6352E99B-F389-43F2-9539-C194121A59E0}.Debug|x86.Build.0 = Debug|Any CPU
		{6352E99B-F389-43F2-9539-C194121A59E0}.Release|Any CPU.ActiveCfg = Release|Any CPU
		{6352E99B-F389-43F2-9539-C194121A59E0}.Release|Any CPU.Build.0 = Release|Any CPU
		{6352E99B-F389-43F2-9539-C194121A59E0}.Release|x64.ActiveCfg = Release|Any CPU
		{6352E99B-F389-43F2-9539-C194121A59E0}.Release|x64.Build.0 = Release|Any CPU
		{6352E99B-F389-43F2-9539-C194121A59E0}.Release|x86.ActiveCfg = Release|Any CPU
		{6352E99B-F389-43F2-9539-C194121A59E0}.Release|x86.Build.0 = Release|Any CPU
	EndGlobalSection
	GlobalSection(SolutionProperties) = preSolution
		HideSolutionNode = FALSE
	EndGlobalSection
	GlobalSection(NestedProjects) = preSolution
		{82D19FB5-5B60-892E-E7B6-18089CE21148} = {0AB3BF05-4346-4AA6-1389-037BE0695223}
		{905842F5-A4A1-4E32-BA6C-2981B99CDB77} = {82D19FB5-5B60-892E-E7B6-18089CE21148}
		{C062F57A-1022-4BDD-BABF-55C4C14A4CD7} = {0AB3BF05-4346-4AA6-1389-037BE0695223}
		{7DB06E46-1E61-4DBF-B102-3D6C5200A7A4} = {827E0CD3-B72D-47B6-A68D-7590B98EB39B}
		{6352E99B-F389-43F2-9539-C194121A59E0} = {827E0CD3-B72D-47B6-A68D-7590B98EB39B}
	EndGlobalSection
EndGlobal
