Microsoft Visual Studio Solution File, Format Version 12.00
# Visual Studio Version 17
VisualStudioVersion = 17.5.2.0
MinimumVisualStudioVersion = 10.0.40219.1
Project("{2150E333-8FDC-42A3-9474-1A3956D46DE8}") = "src", "src", "{827E0CD3-B72D-47B6-A68D-7590B98EB39B}"
EndProject
Project("{2150E333-8FDC-42A3-9474-1A3956D46DE8}") = "tests", "tests", "{0AB3BF05-4346-4AA6-1389-037BE0695223}"
EndProject
Project("{FAE04EC0-301F-11D3-BF4B-00C04F79EFBC}") = "Chirp.Web", "src\Chirp.Web\Chirp.Web.csproj", "{3743CCAF-3041-4AE1-B5F8-A7585AF6BF64}"
EndProject
Project("{FAE04EC0-301F-11D3-BF4B-00C04F79EFBC}") = "Chirp.Core", "src\Chirp.Core\Chirp.Core.csproj", "{125DE91F-FFAE-485F-86F7-6FCDC2A14299}"
EndProject
Project("{FAE04EC0-301F-11D3-BF4B-00C04F79EFBC}") = "Chirp.Infastructure", "src\Chirp.Infastructure\Chirp.Infastructure.csproj", "{702170F5-5995-4D72-8FFD-CCED130C3844}"
EndProject
Project("{FAE04EC0-301F-11D3-BF4B-00C04F79EFBC}") = "Chirp.Infastructure.Test", "tests\Chirp.Infastructure.Test\Chirp.Infastructure.Test.csproj", "{35C2D552-CD9F-4E36-90C6-C2E7D48477C5}"
EndProject
Project("{FAE04EC0-301F-11D3-BF4B-00C04F79EFBC}") = "Chrip.Web.Test", "tests\Chrip.Web.Test\Chrip.Web.Test.csproj", "{519751E8-3DA8-48D6-BC4C-68C5700FF06E}"
EndProject
Project("{FAE04EC0-301F-11D3-BF4B-00C04F79EFBC}") = "Chrip.Core.Test", "tests\Chrip.Core.Test\Chrip.Core.Test.csproj", "{E96FFEF8-7872-4BCB-9852-06A57E1365BB}"
EndProject
Global
	GlobalSection(SolutionConfigurationPlatforms) = preSolution
		Debug|Any CPU = Debug|Any CPU
		Debug|x64 = Debug|x64
		Debug|x86 = Debug|x86
		Release|Any CPU = Release|Any CPU
		Release|x64 = Release|x64
		Release|x86 = Release|x86
	EndGlobalSection
	GlobalSection(ProjectConfigurationPlatforms) = postSolution
		{3743CCAF-3041-4AE1-B5F8-A7585AF6BF64}.Debug|Any CPU.ActiveCfg = Debug|Any CPU
		{3743CCAF-3041-4AE1-B5F8-A7585AF6BF64}.Debug|Any CPU.Build.0 = Debug|Any CPU
		{3743CCAF-3041-4AE1-B5F8-A7585AF6BF64}.Debug|x64.ActiveCfg = Debug|Any CPU
		{3743CCAF-3041-4AE1-B5F8-A7585AF6BF64}.Debug|x64.Build.0 = Debug|Any CPU
		{3743CCAF-3041-4AE1-B5F8-A7585AF6BF64}.Debug|x86.ActiveCfg = Debug|Any CPU
		{3743CCAF-3041-4AE1-B5F8-A7585AF6BF64}.Debug|x86.Build.0 = Debug|Any CPU
		{3743CCAF-3041-4AE1-B5F8-A7585AF6BF64}.Release|Any CPU.ActiveCfg = Release|Any CPU
		{3743CCAF-3041-4AE1-B5F8-A7585AF6BF64}.Release|Any CPU.Build.0 = Release|Any CPU
		{3743CCAF-3041-4AE1-B5F8-A7585AF6BF64}.Release|x64.ActiveCfg = Release|Any CPU
		{3743CCAF-3041-4AE1-B5F8-A7585AF6BF64}.Release|x64.Build.0 = Release|Any CPU
		{3743CCAF-3041-4AE1-B5F8-A7585AF6BF64}.Release|x86.ActiveCfg = Release|Any CPU
		{3743CCAF-3041-4AE1-B5F8-A7585AF6BF64}.Release|x86.Build.0 = Release|Any CPU
		{125DE91F-FFAE-485F-86F7-6FCDC2A14299}.Debug|Any CPU.ActiveCfg = Debug|Any CPU
		{125DE91F-FFAE-485F-86F7-6FCDC2A14299}.Debug|Any CPU.Build.0 = Debug|Any CPU
		{125DE91F-FFAE-485F-86F7-6FCDC2A14299}.Debug|x64.ActiveCfg = Debug|Any CPU
		{125DE91F-FFAE-485F-86F7-6FCDC2A14299}.Debug|x64.Build.0 = Debug|Any CPU
		{125DE91F-FFAE-485F-86F7-6FCDC2A14299}.Debug|x86.ActiveCfg = Debug|Any CPU
		{125DE91F-FFAE-485F-86F7-6FCDC2A14299}.Debug|x86.Build.0 = Debug|Any CPU
		{125DE91F-FFAE-485F-86F7-6FCDC2A14299}.Release|Any CPU.ActiveCfg = Release|Any CPU
		{125DE91F-FFAE-485F-86F7-6FCDC2A14299}.Release|Any CPU.Build.0 = Release|Any CPU
		{125DE91F-FFAE-485F-86F7-6FCDC2A14299}.Release|x64.ActiveCfg = Release|Any CPU
		{125DE91F-FFAE-485F-86F7-6FCDC2A14299}.Release|x64.Build.0 = Release|Any CPU
		{125DE91F-FFAE-485F-86F7-6FCDC2A14299}.Release|x86.ActiveCfg = Release|Any CPU
		{125DE91F-FFAE-485F-86F7-6FCDC2A14299}.Release|x86.Build.0 = Release|Any CPU
		{702170F5-5995-4D72-8FFD-CCED130C3844}.Debug|Any CPU.ActiveCfg = Debug|Any CPU
		{702170F5-5995-4D72-8FFD-CCED130C3844}.Debug|Any CPU.Build.0 = Debug|Any CPU
		{702170F5-5995-4D72-8FFD-CCED130C3844}.Debug|x64.ActiveCfg = Debug|Any CPU
		{702170F5-5995-4D72-8FFD-CCED130C3844}.Debug|x64.Build.0 = Debug|Any CPU
		{702170F5-5995-4D72-8FFD-CCED130C3844}.Debug|x86.ActiveCfg = Debug|Any CPU
		{702170F5-5995-4D72-8FFD-CCED130C3844}.Debug|x86.Build.0 = Debug|Any CPU
		{702170F5-5995-4D72-8FFD-CCED130C3844}.Release|Any CPU.ActiveCfg = Release|Any CPU
		{702170F5-5995-4D72-8FFD-CCED130C3844}.Release|Any CPU.Build.0 = Release|Any CPU
		{702170F5-5995-4D72-8FFD-CCED130C3844}.Release|x64.ActiveCfg = Release|Any CPU
		{702170F5-5995-4D72-8FFD-CCED130C3844}.Release|x64.Build.0 = Release|Any CPU
		{702170F5-5995-4D72-8FFD-CCED130C3844}.Release|x86.ActiveCfg = Release|Any CPU
		{702170F5-5995-4D72-8FFD-CCED130C3844}.Release|x86.Build.0 = Release|Any CPU
		{35C2D552-CD9F-4E36-90C6-C2E7D48477C5}.Debug|Any CPU.ActiveCfg = Debug|Any CPU
		{35C2D552-CD9F-4E36-90C6-C2E7D48477C5}.Debug|Any CPU.Build.0 = Debug|Any CPU
		{35C2D552-CD9F-4E36-90C6-C2E7D48477C5}.Debug|x64.ActiveCfg = Debug|Any CPU
		{35C2D552-CD9F-4E36-90C6-C2E7D48477C5}.Debug|x64.Build.0 = Debug|Any CPU
		{35C2D552-CD9F-4E36-90C6-C2E7D48477C5}.Debug|x86.ActiveCfg = Debug|Any CPU
		{35C2D552-CD9F-4E36-90C6-C2E7D48477C5}.Debug|x86.Build.0 = Debug|Any CPU
		{35C2D552-CD9F-4E36-90C6-C2E7D48477C5}.Release|Any CPU.ActiveCfg = Release|Any CPU
		{35C2D552-CD9F-4E36-90C6-C2E7D48477C5}.Release|Any CPU.Build.0 = Release|Any CPU
		{35C2D552-CD9F-4E36-90C6-C2E7D48477C5}.Release|x64.ActiveCfg = Release|Any CPU
		{35C2D552-CD9F-4E36-90C6-C2E7D48477C5}.Release|x64.Build.0 = Release|Any CPU
		{35C2D552-CD9F-4E36-90C6-C2E7D48477C5}.Release|x86.ActiveCfg = Release|Any CPU
		{35C2D552-CD9F-4E36-90C6-C2E7D48477C5}.Release|x86.Build.0 = Release|Any CPU
		{519751E8-3DA8-48D6-BC4C-68C5700FF06E}.Debug|Any CPU.ActiveCfg = Debug|Any CPU
		{519751E8-3DA8-48D6-BC4C-68C5700FF06E}.Debug|Any CPU.Build.0 = Debug|Any CPU
		{519751E8-3DA8-48D6-BC4C-68C5700FF06E}.Debug|x64.ActiveCfg = Debug|Any CPU
		{519751E8-3DA8-48D6-BC4C-68C5700FF06E}.Debug|x64.Build.0 = Debug|Any CPU
		{519751E8-3DA8-48D6-BC4C-68C5700FF06E}.Debug|x86.ActiveCfg = Debug|Any CPU
		{519751E8-3DA8-48D6-BC4C-68C5700FF06E}.Debug|x86.Build.0 = Debug|Any CPU
		{519751E8-3DA8-48D6-BC4C-68C5700FF06E}.Release|Any CPU.ActiveCfg = Release|Any CPU
		{519751E8-3DA8-48D6-BC4C-68C5700FF06E}.Release|Any CPU.Build.0 = Release|Any CPU
		{519751E8-3DA8-48D6-BC4C-68C5700FF06E}.Release|x64.ActiveCfg = Release|Any CPU
		{519751E8-3DA8-48D6-BC4C-68C5700FF06E}.Release|x64.Build.0 = Release|Any CPU
		{519751E8-3DA8-48D6-BC4C-68C5700FF06E}.Release|x86.ActiveCfg = Release|Any CPU
		{519751E8-3DA8-48D6-BC4C-68C5700FF06E}.Release|x86.Build.0 = Release|Any CPU
		{E96FFEF8-7872-4BCB-9852-06A57E1365BB}.Debug|Any CPU.ActiveCfg = Debug|Any CPU
		{E96FFEF8-7872-4BCB-9852-06A57E1365BB}.Debug|Any CPU.Build.0 = Debug|Any CPU
		{E96FFEF8-7872-4BCB-9852-06A57E1365BB}.Debug|x64.ActiveCfg = Debug|Any CPU
		{E96FFEF8-7872-4BCB-9852-06A57E1365BB}.Debug|x64.Build.0 = Debug|Any CPU
		{E96FFEF8-7872-4BCB-9852-06A57E1365BB}.Debug|x86.ActiveCfg = Debug|Any CPU
		{E96FFEF8-7872-4BCB-9852-06A57E1365BB}.Debug|x86.Build.0 = Debug|Any CPU
		{E96FFEF8-7872-4BCB-9852-06A57E1365BB}.Release|Any CPU.ActiveCfg = Release|Any CPU
		{E96FFEF8-7872-4BCB-9852-06A57E1365BB}.Release|Any CPU.Build.0 = Release|Any CPU
		{E96FFEF8-7872-4BCB-9852-06A57E1365BB}.Release|x64.ActiveCfg = Release|Any CPU
		{E96FFEF8-7872-4BCB-9852-06A57E1365BB}.Release|x64.Build.0 = Release|Any CPU
		{E96FFEF8-7872-4BCB-9852-06A57E1365BB}.Release|x86.ActiveCfg = Release|Any CPU
		{E96FFEF8-7872-4BCB-9852-06A57E1365BB}.Release|x86.Build.0 = Release|Any CPU
	EndGlobalSection
	GlobalSection(SolutionProperties) = preSolution
		HideSolutionNode = FALSE
	EndGlobalSection
	GlobalSection(NestedProjects) = preSolution
		{3743CCAF-3041-4AE1-B5F8-A7585AF6BF64} = {827E0CD3-B72D-47B6-A68D-7590B98EB39B}
		{702170F5-5995-4D72-8FFD-CCED130C3844} = {827E0CD3-B72D-47B6-A68D-7590B98EB39B}
		{125DE91F-FFAE-485F-86F7-6FCDC2A14299} = {827E0CD3-B72D-47B6-A68D-7590B98EB39B}
		{35C2D552-CD9F-4E36-90C6-C2E7D48477C5} = {0AB3BF05-4346-4AA6-1389-037BE0695223}
		{E96FFEF8-7872-4BCB-9852-06A57E1365BB} = {0AB3BF05-4346-4AA6-1389-037BE0695223}
		{519751E8-3DA8-48D6-BC4C-68C5700FF06E} = {0AB3BF05-4346-4AA6-1389-037BE0695223}
	EndGlobalSection
	GlobalSection(ExtensibilityGlobals) = postSolution
		SolutionGuid = {93717BEE-4B27-484D-BF88-64821BB11A94}
	EndGlobalSection
EndGlobal
